# THIS IS AN AUTOGENERATED FILE. DO NOT EDIT THIS FILE DIRECTLY.
# yarn lockfile v1


debug-mode@^1.0.4:
  version "1.0.4"
  resolved "https://registry.yarnpkg.com/debug-mode/-/debug-mode-1.0.4.tgz#1d68cde1ee866c5ac3ef617060825be09b2f110c"
  dependencies:
    semver "^5.3.0"

semver@^5.3.0:
  version "5.4.1"
  resolved "https://registry.yarnpkg.com/semver/-/semver-5.4.1.tgz#e059c09d8571f0540823733433505d3a2f00b18e"
